
Microsoft Visual Studio Solution File, Format Version 12.00
# Visual Studio Version 17
VisualStudioVersion = 17.2.32616.157
MinimumVisualStudioVersion = 10.0.40219.1
Project("{FAE04EC0-301F-11D3-BF4B-00C04F79EFBC}") = "Tugas2BE", "Tugas2BE\Tugas2BE.csproj", "{313F6B7B-36A2-48AC-8078-1309E8291867}"
EndProject
Project("{FAE04EC0-301F-11D3-BF4B-00C04F79EFBC}") = "Tugas2BE.Domain", "Tugas2BE.Domain\Tugas2BE.Domain.csproj", "{5668C201-4378-471D-8E1B-70CB5E167710}"
EndProject
Project("{FAE04EC0-301F-11D3-BF4B-00C04F79EFBC}") = "Tugas2BE.Data", "Tugas2BE.Data\Tugas2BE.Data.csproj", "{620F7C46-0849-4C6C-99C0-58B787F34ACB}"
EndProject
Global
	GlobalSection(SolutionConfigurationPlatforms) = preSolution
		Debug|Any CPU = Debug|Any CPU
		Release|Any CPU = Release|Any CPU
	EndGlobalSection
	GlobalSection(ProjectConfigurationPlatforms) = postSolution
		{313F6B7B-36A2-48AC-8078-1309E8291867}.Debug|Any CPU.ActiveCfg = Debug|Any CPU
		{313F6B7B-36A2-48AC-8078-1309E8291867}.Debug|Any CPU.Build.0 = Debug|Any CPU
		{313F6B7B-36A2-48AC-8078-1309E8291867}.Release|Any CPU.ActiveCfg = Release|Any CPU
		{313F6B7B-36A2-48AC-8078-1309E8291867}.Release|Any CPU.Build.0 = Release|Any CPU
		{5668C201-4378-471D-8E1B-70CB5E167710}.Debug|Any CPU.ActiveCfg = Debug|Any CPU
		{5668C201-4378-471D-8E1B-70CB5E167710}.Debug|Any CPU.Build.0 = Debug|Any CPU
		{5668C201-4378-471D-8E1B-70CB5E167710}.Release|Any CPU.ActiveCfg = Release|Any CPU
		{5668C201-4378-471D-8E1B-70CB5E167710}.Release|Any CPU.Build.0 = Release|Any CPU
		{620F7C46-0849-4C6C-99C0-58B787F34ACB}.Debug|Any CPU.ActiveCfg = Debug|Any CPU
		{620F7C46-0849-4C6C-99C0-58B787F34ACB}.Debug|Any CPU.Build.0 = Debug|Any CPU
		{620F7C46-0849-4C6C-99C0-58B787F34ACB}.Release|Any CPU.ActiveCfg = Release|Any CPU
		{620F7C46-0849-4C6C-99C0-58B787F34ACB}.Release|Any CPU.Build.0 = Release|Any CPU
	EndGlobalSection
	GlobalSection(SolutionProperties) = preSolution
		HideSolutionNode = FALSE
	EndGlobalSection
	GlobalSection(ExtensibilityGlobals) = postSolution
		SolutionGuid = {D3FCB27E-13C1-4CA7-9986-64BF99701116}
	EndGlobalSection
EndGlobal
