
Microsoft Visual Studio Solution File, Format Version 12.00
# Visual Studio Version 17
VisualStudioVersion = 17.2.32616.157
MinimumVisualStudioVersion = 10.0.40219.1
Project("{9A19103F-16F7-4668-BE54-9A1E7A4F7556}") = "Tugas2BE", "Tugas2BE\Tugas2BE.csproj", "{313F6B7B-36A2-48AC-8078-1309E8291867}"
EndProject
Project("{FAE04EC0-301F-11D3-BF4B-00C04F79EFBC}") = "Tugas2FE", "Tugas2FE\Tugas2FE.csproj", "{4D8E66EF-F9CB-4B96-BD33-2E91EE8A9DF3}"
EndProject
Global
	GlobalSection(SolutionConfigurationPlatforms) = preSolution
		Debug|Any CPU = Debug|Any CPU
		Release|Any CPU = Release|Any CPU
	EndGlobalSection
	GlobalSection(ProjectConfigurationPlatforms) = postSolution
		{313F6B7B-36A2-48AC-8078-1309E8291867}.Debug|Any CPU.ActiveCfg = Debug|Any CPU
		{313F6B7B-36A2-48AC-8078-1309E8291867}.Debug|Any CPU.Build.0 = Debug|Any CPU
		{313F6B7B-36A2-48AC-8078-1309E8291867}.Release|Any CPU.ActiveCfg = Release|Any CPU
		{313F6B7B-36A2-48AC-8078-1309E8291867}.Release|Any CPU.Build.0 = Release|Any CPU
		{4D8E66EF-F9CB-4B96-BD33-2E91EE8A9DF3}.Debug|Any CPU.ActiveCfg = Debug|Any CPU
		{4D8E66EF-F9CB-4B96-BD33-2E91EE8A9DF3}.Debug|Any CPU.Build.0 = Debug|Any CPU
		{4D8E66EF-F9CB-4B96-BD33-2E91EE8A9DF3}.Release|Any CPU.ActiveCfg = Release|Any CPU
		{4D8E66EF-F9CB-4B96-BD33-2E91EE8A9DF3}.Release|Any CPU.Build.0 = Release|Any CPU
	EndGlobalSection
	GlobalSection(SolutionProperties) = preSolution
		HideSolutionNode = FALSE
	EndGlobalSection
	GlobalSection(ExtensibilityGlobals) = postSolution
		SolutionGuid = {D3FCB27E-13C1-4CA7-9986-64BF99701116}
	EndGlobalSection
EndGlobal
